
Microsoft Visual Studio Solution File, Format Version 12.00
Project("{2150E333-8FDC-42A3-9474-1A3956D46DE8}") = "src", "src", "{97D189A0-EB07-4303-9B31-48B3CE2415F7}"
EndProject
Project("{2150E333-8FDC-42A3-9474-1A3956D46DE8}") = "tests", "tests", "{55EEAEB1-62D6-452F-B0E9-C8BC604BAB23}"
EndProject
Project("{2150E333-8FDC-42A3-9474-1A3956D46DE8}") = "Context", "Context", "{CFA657C8-BA6E-4209-9E9C-F23919D310FF}"
EndProject
Project("{2150E333-8FDC-42A3-9474-1A3956D46DE8}") = "Presentation", "Presentation", "{11F80080-40BD-4502-8D4C-EEC5BFC0D4BB}"
EndProject
Project("{2150E333-8FDC-42A3-9474-1A3956D46DE8}") = "Ticketing", "Ticketing", "{CA162CF2-23C4-4CA2-9AEF-52ECD5E7598D}"
EndProject
Project("{2150E333-8FDC-42A3-9474-1A3956D46DE8}") = "Invoice", "Invoice", "{9D02024D-A7C6-43C0-83F3-6352BAFCEA00}"
EndProject
Project("{2150E333-8FDC-42A3-9474-1A3956D46DE8}") = "Identity", "Identity", "{67B46206-809A-4AD5-A052-93882CF4AF0C}"
EndProject
Project("{2150E333-8FDC-42A3-9474-1A3956D46DE8}") = "Sales", "Sales", "{8FAED3C5-7AC1-4CCE-97C3-2AF2706DCC56}"
EndProject
Project("{FAE04EC0-301F-11D3-BF4B-00C04F79EFBC}") = "Ticketing.UI", "src\Presentation\Ticketing.UI\Ticketing.UI.csproj", "{22A01D28-645F-499B-A7EC-ECA869B54BD2}"
EndProject
Project("{FAE04EC0-301F-11D3-BF4B-00C04F79EFBC}") = "Ticketing.Domain", "src\Context\Ticketing\Ticketing.Domain\Ticketing.Domain.csproj", "{C5DA95A5-1DB3-41CE-80DB-829C9204751F}"
EndProject
Project("{2150E333-8FDC-42A3-9474-1A3956D46DE8}") = "Framework", "Framework", "{4A354C33-810A-4F1E-8725-A16BBC46597F}"
EndProject
Project("{FAE04EC0-301F-11D3-BF4B-00C04F79EFBC}") = "Framework.EventSourcing", "src\Framework\Framework.EventSourcing\Framework.EventSourcing.csproj", "{2A5CF261-F2BA-431B-AFB8-753651AFA661}"
EndProject
Project("{FAE04EC0-301F-11D3-BF4B-00C04F79EFBC}") = "Ticket.Infrastructure", "src\Context\Ticketing\Ticket.Infrastructure\Ticket.Infrastructure.csproj", "{3175BFDF-493A-4D35-8E00-529E6E827510}"
EndProject
Global
	GlobalSection(SolutionConfigurationPlatforms) = preSolution
		Debug|Any CPU = Debug|Any CPU
		Release|Any CPU = Release|Any CPU
	EndGlobalSection
	GlobalSection(NestedProjects) = preSolution
		{CFA657C8-BA6E-4209-9E9C-F23919D310FF} = {97D189A0-EB07-4303-9B31-48B3CE2415F7}
		{11F80080-40BD-4502-8D4C-EEC5BFC0D4BB} = {97D189A0-EB07-4303-9B31-48B3CE2415F7}
		{CA162CF2-23C4-4CA2-9AEF-52ECD5E7598D} = {CFA657C8-BA6E-4209-9E9C-F23919D310FF}
		{9D02024D-A7C6-43C0-83F3-6352BAFCEA00} = {CFA657C8-BA6E-4209-9E9C-F23919D310FF}
		{67B46206-809A-4AD5-A052-93882CF4AF0C} = {CFA657C8-BA6E-4209-9E9C-F23919D310FF}
		{8FAED3C5-7AC1-4CCE-97C3-2AF2706DCC56} = {CFA657C8-BA6E-4209-9E9C-F23919D310FF}
		{22A01D28-645F-499B-A7EC-ECA869B54BD2} = {11F80080-40BD-4502-8D4C-EEC5BFC0D4BB}
		{C5DA95A5-1DB3-41CE-80DB-829C9204751F} = {CA162CF2-23C4-4CA2-9AEF-52ECD5E7598D}
		{4A354C33-810A-4F1E-8725-A16BBC46597F} = {97D189A0-EB07-4303-9B31-48B3CE2415F7}
		{2A5CF261-F2BA-431B-AFB8-753651AFA661} = {4A354C33-810A-4F1E-8725-A16BBC46597F}
		{3175BFDF-493A-4D35-8E00-529E6E827510} = {CA162CF2-23C4-4CA2-9AEF-52ECD5E7598D}
	EndGlobalSection
	GlobalSection(ProjectConfigurationPlatforms) = postSolution
		{22A01D28-645F-499B-A7EC-ECA869B54BD2}.Debug|Any CPU.ActiveCfg = Debug|Any CPU
		{22A01D28-645F-499B-A7EC-ECA869B54BD2}.Debug|Any CPU.Build.0 = Debug|Any CPU
		{22A01D28-645F-499B-A7EC-ECA869B54BD2}.Release|Any CPU.ActiveCfg = Release|Any CPU
		{22A01D28-645F-499B-A7EC-ECA869B54BD2}.Release|Any CPU.Build.0 = Release|Any CPU
		{C5DA95A5-1DB3-41CE-80DB-829C9204751F}.Debug|Any CPU.ActiveCfg = Debug|Any CPU
		{C5DA95A5-1DB3-41CE-80DB-829C9204751F}.Debug|Any CPU.Build.0 = Debug|Any CPU
		{C5DA95A5-1DB3-41CE-80DB-829C9204751F}.Release|Any CPU.ActiveCfg = Release|Any CPU
		{C5DA95A5-1DB3-41CE-80DB-829C9204751F}.Release|Any CPU.Build.0 = Release|Any CPU
		{2A5CF261-F2BA-431B-AFB8-753651AFA661}.Debug|Any CPU.ActiveCfg = Debug|Any CPU
		{2A5CF261-F2BA-431B-AFB8-753651AFA661}.Debug|Any CPU.Build.0 = Debug|Any CPU
		{2A5CF261-F2BA-431B-AFB8-753651AFA661}.Release|Any CPU.ActiveCfg = Release|Any CPU
		{2A5CF261-F2BA-431B-AFB8-753651AFA661}.Release|Any CPU.Build.0 = Release|Any CPU
		{3175BFDF-493A-4D35-8E00-529E6E827510}.Debug|Any CPU.ActiveCfg = Debug|Any CPU
		{3175BFDF-493A-4D35-8E00-529E6E827510}.Debug|Any CPU.Build.0 = Debug|Any CPU
		{3175BFDF-493A-4D35-8E00-529E6E827510}.Release|Any CPU.ActiveCfg = Release|Any CPU
		{3175BFDF-493A-4D35-8E00-529E6E827510}.Release|Any CPU.Build.0 = Release|Any CPU
	EndGlobalSection
EndGlobal
